// !$*UTF8*$!
{
	archiveVersion = 1;
	classes = {
	};
	objectVersion = 46;
	objects = {

/* Begin PBXBuildFile section */
		11C20E341CE6EF1E008FB451 /* stdstr.h in Headers */ = {isa = PBXBuildFile; fileRef = 11C20E331CE6EF1E008FB451 /* stdstr.h */; settings = {ATTRIBUTES = (Public, ); }; };
		11C20E3B1CE6EF1E008FB451 /* stdstr.framework in Frameworks */ = {isa = PBXBuildFile; fileRef = 11C20E301CE6EF1E008FB451 /* stdstr.framework */; };
		11C20E401CE6EF1E008FB451 /* StdstrTests.swift in Sources */ = {isa = PBXBuildFile; fileRef = 11C20E3F1CE6EF1E008FB451 /* StdstrTests.swift */; };
		11F5774A1CE6EF880081F033 /* stdstr.swift in Sources */ = {isa = PBXBuildFile; fileRef = 11F577491CE6EF880081F033 /* stdstr.swift */; };
		379CEBA759F55D6A59149E82 /* Pods_stdstr.framework in Frameworks */ = {isa = PBXBuildFile; fileRef = 67598BE324FB668A58BF5372 /* Pods_stdstr.framework */; };
		FB6EAF7E544B61B93B07A273 /* Pods_stdstrTests.framework in Frameworks */ = {isa = PBXBuildFile; fileRef = 23AC39AD1D097ADD21D48DDE /* Pods_stdstrTests.framework */; };
/* End PBXBuildFile section */

/* Begin PBXContainerItemProxy section */
		11C20E3C1CE6EF1E008FB451 /* PBXContainerItemProxy */ = {
			isa = PBXContainerItemProxy;
			containerPortal = 11C20E271CE6EF1E008FB451 /* Project object */;
			proxyType = 1;
			remoteGlobalIDString = 11C20E2F1CE6EF1E008FB451;
			remoteInfo = stdstr;
		};
/* End PBXContainerItemProxy section */

/* Begin PBXFileReference section */
		11C20E301CE6EF1E008FB451 /* stdstr.framework */ = {isa = PBXFileReference; explicitFileType = wrapper.framework; includeInIndex = 0; path = stdstr.framework; sourceTree = BUILT_PRODUCTS_DIR; };
		11C20E331CE6EF1E008FB451 /* stdstr.h */ = {isa = PBXFileReference; lastKnownFileType = sourcecode.c.h; path = stdstr.h; sourceTree = "<group>"; };
		11C20E351CE6EF1E008FB451 /* Info.plist */ = {isa = PBXFileReference; lastKnownFileType = text.plist.xml; path = Info.plist; sourceTree = "<group>"; };
		11C20E3A1CE6EF1E008FB451 /* stdstrTests.xctest */ = {isa = PBXFileReference; explicitFileType = wrapper.cfbundle; includeInIndex = 0; path = stdstrTests.xctest; sourceTree = BUILT_PRODUCTS_DIR; };
		11C20E3F1CE6EF1E008FB451 /* StdstrTests.swift */ = {isa = PBXFileReference; lastKnownFileType = sourcecode.swift; path = StdstrTests.swift; sourceTree = "<group>"; };
		11C20E411CE6EF1E008FB451 /* Info.plist */ = {isa = PBXFileReference; lastKnownFileType = text.plist.xml; path = Info.plist; sourceTree = "<group>"; };
		11F577491CE6EF880081F033 /* stdstr.swift */ = {isa = PBXFileReference; fileEncoding = 4; lastKnownFileType = sourcecode.swift; path = stdstr.swift; sourceTree = "<group>"; };
		23AC39AD1D097ADD21D48DDE /* Pods_stdstrTests.framework */ = {isa = PBXFileReference; explicitFileType = wrapper.framework; includeInIndex = 0; path = Pods_stdstrTests.framework; sourceTree = BUILT_PRODUCTS_DIR; };
		2F92C9685DE08EA725DC4917 /* Pods-stdstr.debug.xcconfig */ = {isa = PBXFileReference; includeInIndex = 1; lastKnownFileType = text.xcconfig; name = "Pods-stdstr.debug.xcconfig"; path = "Pods/Target Support Files/Pods-stdstr/Pods-stdstr.debug.xcconfig"; sourceTree = "<group>"; };
		364C0663D661AC5660190799 /* Pods-stdstrTests.debug.xcconfig */ = {isa = PBXFileReference; includeInIndex = 1; lastKnownFileType = text.xcconfig; name = "Pods-stdstrTests.debug.xcconfig"; path = "Pods/Target Support Files/Pods-stdstrTests/Pods-stdstrTests.debug.xcconfig"; sourceTree = "<group>"; };
		364CE3E0EC8B6E7BFA524FE6 /* Pods-stdstrTests.release.xcconfig */ = {isa = PBXFileReference; includeInIndex = 1; lastKnownFileType = text.xcconfig; name = "Pods-stdstrTests.release.xcconfig"; path = "Pods/Target Support Files/Pods-stdstrTests/Pods-stdstrTests.release.xcconfig"; sourceTree = "<group>"; };
		67598BE324FB668A58BF5372 /* Pods_stdstr.framework */ = {isa = PBXFileReference; explicitFileType = wrapper.framework; includeInIndex = 0; path = Pods_stdstr.framework; sourceTree = BUILT_PRODUCTS_DIR; };
		D8B865B1140E22F1222189BF /* Pods-stdstr.release.xcconfig */ = {isa = PBXFileReference; includeInIndex = 1; lastKnownFileType = text.xcconfig; name = "Pods-stdstr.release.xcconfig"; path = "Pods/Target Support Files/Pods-stdstr/Pods-stdstr.release.xcconfig"; sourceTree = "<group>"; };
/* End PBXFileReference section */

/* Begin PBXFrameworksBuildPhase section */
		11C20E2C1CE6EF1E008FB451 /* Frameworks */ = {
			isa = PBXFrameworksBuildPhase;
			buildActionMask = 2147483647;
			files = (
				379CEBA759F55D6A59149E82 /* Pods_stdstr.framework in Frameworks */,
			);
			runOnlyForDeploymentPostprocessing = 0;
		};
		11C20E371CE6EF1E008FB451 /* Frameworks */ = {
			isa = PBXFrameworksBuildPhase;
			buildActionMask = 2147483647;
			files = (
				11C20E3B1CE6EF1E008FB451 /* stdstr.framework in Frameworks */,
				FB6EAF7E544B61B93B07A273 /* Pods_stdstrTests.framework in Frameworks */,
			);
			runOnlyForDeploymentPostprocessing = 0;
		};
/* End PBXFrameworksBuildPhase section */

/* Begin PBXGroup section */
		11C20E261CE6EF1E008FB451 = {
			isa = PBXGroup;
			children = (
				11C20E321CE6EF1E008FB451 /* stdstr */,
				11C20E3E1CE6EF1E008FB451 /* stdstrTests */,
				11C20E311CE6EF1E008FB451 /* Products */,
				A3B94AC6D31A299FB46CE6F1 /* Pods */,
				8FC52B6A480C4FA562E134E8 /* Frameworks */,
			);
			sourceTree = "<group>";
		};
		11C20E311CE6EF1E008FB451 /* Products */ = {
			isa = PBXGroup;
			children = (
				11C20E301CE6EF1E008FB451 /* stdstr.framework */,
				11C20E3A1CE6EF1E008FB451 /* stdstrTests.xctest */,
			);
			name = Products;
			sourceTree = "<group>";
		};
		11C20E321CE6EF1E008FB451 /* stdstr */ = {
			isa = PBXGroup;
			children = (
				11F577491CE6EF880081F033 /* stdstr.swift */,
				11C20E331CE6EF1E008FB451 /* stdstr.h */,
				11C20E351CE6EF1E008FB451 /* Info.plist */,
			);
			path = stdstr;
			sourceTree = "<group>";
		};
		11C20E3E1CE6EF1E008FB451 /* stdstrTests */ = {
			isa = PBXGroup;
			children = (
				11C20E3F1CE6EF1E008FB451 /* StdstrTests.swift */,
				11C20E411CE6EF1E008FB451 /* Info.plist */,
			);
			path = stdstrTests;
			sourceTree = "<group>";
		};
		8FC52B6A480C4FA562E134E8 /* Frameworks */ = {
			isa = PBXGroup;
			children = (
				67598BE324FB668A58BF5372 /* Pods_stdstr.framework */,
				23AC39AD1D097ADD21D48DDE /* Pods_stdstrTests.framework */,
			);
			name = Frameworks;
			sourceTree = "<group>";
		};
		A3B94AC6D31A299FB46CE6F1 /* Pods */ = {
			isa = PBXGroup;
			children = (
				2F92C9685DE08EA725DC4917 /* Pods-stdstr.debug.xcconfig */,
				D8B865B1140E22F1222189BF /* Pods-stdstr.release.xcconfig */,
				364C0663D661AC5660190799 /* Pods-stdstrTests.debug.xcconfig */,
				364CE3E0EC8B6E7BFA524FE6 /* Pods-stdstrTests.release.xcconfig */,
			);
			name = Pods;
			sourceTree = "<group>";
		};
/* End PBXGroup section */

/* Begin PBXHeadersBuildPhase section */
		11C20E2D1CE6EF1E008FB451 /* Headers */ = {
			isa = PBXHeadersBuildPhase;
			buildActionMask = 2147483647;
			files = (
				11C20E341CE6EF1E008FB451 /* stdstr.h in Headers */,
			);
			runOnlyForDeploymentPostprocessing = 0;
		};
/* End PBXHeadersBuildPhase section */

/* Begin PBXNativeTarget section */
		11C20E2F1CE6EF1E008FB451 /* stdstr */ = {
			isa = PBXNativeTarget;
			buildConfigurationList = 11C20E441CE6EF1E008FB451 /* Build configuration list for PBXNativeTarget "stdstr" */;
			buildPhases = (
				4595C514FF30B2EDF097881B /* 📦 Check Pods Manifest.lock */,
				11C20E2B1CE6EF1E008FB451 /* Sources */,
				11C20E2C1CE6EF1E008FB451 /* Frameworks */,
				11C20E2D1CE6EF1E008FB451 /* Headers */,
				11C20E2E1CE6EF1E008FB451 /* Resources */,
				57351B05310429D1DE70BF59 /* 📦 Copy Pods Resources */,
			);
			buildRules = (
			);
			dependencies = (
			);
			name = stdstr;
			productName = stdstr;
			productReference = 11C20E301CE6EF1E008FB451 /* stdstr.framework */;
			productType = "com.apple.product-type.framework";
		};
		11C20E391CE6EF1E008FB451 /* stdstrTests */ = {
			isa = PBXNativeTarget;
			buildConfigurationList = 11C20E471CE6EF1E008FB451 /* Build configuration list for PBXNativeTarget "stdstrTests" */;
			buildPhases = (
				1E87279F0073C787EC90A6C7 /* 📦 Check Pods Manifest.lock */,
				11C20E361CE6EF1E008FB451 /* Sources */,
				11C20E371CE6EF1E008FB451 /* Frameworks */,
				11C20E381CE6EF1E008FB451 /* Resources */,
				75E40BC22F68863DF2B763B5 /* 📦 Embed Pods Frameworks */,
				76290BD3ED7921D818B6FE82 /* 📦 Copy Pods Resources */,
			);
			buildRules = (
			);
			dependencies = (
				11C20E3D1CE6EF1E008FB451 /* PBXTargetDependency */,
			);
			name = stdstrTests;
			productName = stdstrTests;
			productReference = 11C20E3A1CE6EF1E008FB451 /* stdstrTests.xctest */;
			productType = "com.apple.product-type.bundle.unit-test";
		};
/* End PBXNativeTarget section */

/* Begin PBXProject section */
		11C20E271CE6EF1E008FB451 /* Project object */ = {
			isa = PBXProject;
			attributes = {
				LastSwiftUpdateCheck = 0730;
				LastUpgradeCheck = 0730;
				ORGANIZATIONNAME = "Liu Yang";
				TargetAttributes = {
					11C20E2F1CE6EF1E008FB451 = {
						CreatedOnToolsVersion = 7.3;
					};
					11C20E391CE6EF1E008FB451 = {
						CreatedOnToolsVersion = 7.3;
					};
				};
			};
			buildConfigurationList = 11C20E2A1CE6EF1E008FB451 /* Build configuration list for PBXProject "stdstr" */;
			compatibilityVersion = "Xcode 3.2";
			developmentRegion = English;
			hasScannedForEncodings = 0;
			knownRegions = (
				en,
			);
			mainGroup = 11C20E261CE6EF1E008FB451;
			productRefGroup = 11C20E311CE6EF1E008FB451 /* Products */;
			projectDirPath = "";
			projectRoot = "";
			targets = (
				11C20E2F1CE6EF1E008FB451 /* stdstr */,
				11C20E391CE6EF1E008FB451 /* stdstrTests */,
			);
		};
/* End PBXProject section */

/* Begin PBXResourcesBuildPhase section */
		11C20E2E1CE6EF1E008FB451 /* Resources */ = {
			isa = PBXResourcesBuildPhase;
			buildActionMask = 2147483647;
			files = (
			);
			runOnlyForDeploymentPostprocessing = 0;
		};
		11C20E381CE6EF1E008FB451 /* Resources */ = {
			isa = PBXResourcesBuildPhase;
			buildActionMask = 2147483647;
			files = (
			);
			runOnlyForDeploymentPostprocessing = 0;
		};
/* End PBXResourcesBuildPhase section */

/* Begin PBXShellScriptBuildPhase section */
		1E87279F0073C787EC90A6C7 /* 📦 Check Pods Manifest.lock */ = {
			isa = PBXShellScriptBuildPhase;
			buildActionMask = 2147483647;
			files = (
			);
			inputPaths = (
			);
			name = "📦 Check Pods Manifest.lock";
			outputPaths = (
			);
			runOnlyForDeploymentPostprocessing = 0;
			shellPath = /bin/sh;
			shellScript = "diff \"${PODS_ROOT}/../Podfile.lock\" \"${PODS_ROOT}/Manifest.lock\" > /dev/null\nif [[ $? != 0 ]] ; then\n    cat << EOM\nerror: The sandbox is not in sync with the Podfile.lock. Run 'pod install' or update your CocoaPods installation.\nEOM\n    exit 1\nfi\n";
			showEnvVarsInLog = 0;
		};
		4595C514FF30B2EDF097881B /* 📦 Check Pods Manifest.lock */ = {
			isa = PBXShellScriptBuildPhase;
			buildActionMask = 2147483647;
			files = (
			);
			inputPaths = (
			);
			name = "📦 Check Pods Manifest.lock";
			outputPaths = (
			);
			runOnlyForDeploymentPostprocessing = 0;
			shellPath = /bin/sh;
			shellScript = "diff \"${PODS_ROOT}/../Podfile.lock\" \"${PODS_ROOT}/Manifest.lock\" > /dev/null\nif [[ $? != 0 ]] ; then\n    cat << EOM\nerror: The sandbox is not in sync with the Podfile.lock. Run 'pod install' or update your CocoaPods installation.\nEOM\n    exit 1\nfi\n";
			showEnvVarsInLog = 0;
		};
		57351B05310429D1DE70BF59 /* 📦 Copy Pods Resources */ = {
			isa = PBXShellScriptBuildPhase;
			buildActionMask = 2147483647;
			files = (
			);
			inputPaths = (
			);
			name = "📦 Copy Pods Resources";
			outputPaths = (
			);
			runOnlyForDeploymentPostprocessing = 0;
			shellPath = /bin/sh;
			shellScript = "\"${SRCROOT}/Pods/Target Support Files/Pods-stdstr/Pods-stdstr-resources.sh\"\n";
			showEnvVarsInLog = 0;
		};
		75E40BC22F68863DF2B763B5 /* 📦 Embed Pods Frameworks */ = {
			isa = PBXShellScriptBuildPhase;
			buildActionMask = 2147483647;
			files = (
			);
			inputPaths = (
			);
			name = "📦 Embed Pods Frameworks";
			outputPaths = (
			);
			runOnlyForDeploymentPostprocessing = 0;
			shellPath = /bin/sh;
			shellScript = "\"${SRCROOT}/Pods/Target Support Files/Pods-stdstrTests/Pods-stdstrTests-frameworks.sh\"\n";
			showEnvVarsInLog = 0;
		};
		76290BD3ED7921D818B6FE82 /* 📦 Copy Pods Resources */ = {
			isa = PBXShellScriptBuildPhase;
			buildActionMask = 2147483647;
			files = (
			);
			inputPaths = (
			);
			name = "📦 Copy Pods Resources";
			outputPaths = (
			);
			runOnlyForDeploymentPostprocessing = 0;
			shellPath = /bin/sh;
			shellScript = "\"${SRCROOT}/Pods/Target Support Files/Pods-stdstrTests/Pods-stdstrTests-resources.sh\"\n";
			showEnvVarsInLog = 0;
		};
/* End PBXShellScriptBuildPhase section */

/* Begin PBXSourcesBuildPhase section */
		11C20E2B1CE6EF1E008FB451 /* Sources */ = {
			isa = PBXSourcesBuildPhase;
			buildActionMask = 2147483647;
			files = (
				11F5774A1CE6EF880081F033 /* stdstr.swift in Sources */,
			);
			runOnlyForDeploymentPostprocessing = 0;
		};
		11C20E361CE6EF1E008FB451 /* Sources */ = {
			isa = PBXSourcesBuildPhase;
			buildActionMask = 2147483647;
			files = (
				11C20E401CE6EF1E008FB451 /* StdstrTests.swift in Sources */,
			);
			runOnlyForDeploymentPostprocessing = 0;
		};
/* End PBXSourcesBuildPhase section */

/* Begin PBXTargetDependency section */
		11C20E3D1CE6EF1E008FB451 /* PBXTargetDependency */ = {
			isa = PBXTargetDependency;
			target = 11C20E2F1CE6EF1E008FB451 /* stdstr */;
			targetProxy = 11C20E3C1CE6EF1E008FB451 /* PBXContainerItemProxy */;
		};
/* End PBXTargetDependency section */

/* Begin XCBuildConfiguration section */
		11C20E421CE6EF1E008FB451 /* Debug */ = {
			isa = XCBuildConfiguration;
			buildSettings = {
				ALWAYS_SEARCH_USER_PATHS = NO;
				CLANG_ANALYZER_NONNULL = YES;
				CLANG_CXX_LANGUAGE_STANDARD = "gnu++0x";
				CLANG_CXX_LIBRARY = "libc++";
				CLANG_ENABLE_MODULES = YES;
				CLANG_ENABLE_OBJC_ARC = YES;
				CLANG_WARN_BOOL_CONVERSION = YES;
				CLANG_WARN_CONSTANT_CONVERSION = YES;
				CLANG_WARN_DIRECT_OBJC_ISA_USAGE = YES_ERROR;
				CLANG_WARN_EMPTY_BODY = YES;
				CLANG_WARN_ENUM_CONVERSION = YES;
				CLANG_WARN_INT_CONVERSION = YES;
				CLANG_WARN_OBJC_ROOT_CLASS = YES_ERROR;
				CLANG_WARN_UNREACHABLE_CODE = YES;
				CLANG_WARN__DUPLICATE_METHOD_MATCH = YES;
				"CODE_SIGN_IDENTITY[sdk=iphoneos*]" = "iPhone Developer";
				COPY_PHASE_STRIP = NO;
				CURRENT_PROJECT_VERSION = 1;
				DEBUG_INFORMATION_FORMAT = dwarf;
				ENABLE_STRICT_OBJC_MSGSEND = YES;
				ENABLE_TESTABILITY = YES;
				GCC_C_LANGUAGE_STANDARD = gnu99;
				GCC_DYNAMIC_NO_PIC = NO;
				GCC_NO_COMMON_BLOCKS = YES;
				GCC_OPTIMIZATION_LEVEL = 0;
				GCC_PREPROCESSOR_DEFINITIONS = (
					"DEBUG=1",
					"$(inherited)",
				);
				GCC_WARN_64_TO_32_BIT_CONVERSION = YES;
				GCC_WARN_ABOUT_RETURN_TYPE = YES_ERROR;
				GCC_WARN_UNDECLARED_SELECTOR = YES;
				GCC_WARN_UNINITIALIZED_AUTOS = YES_AGGRESSIVE;
				GCC_WARN_UNUSED_FUNCTION = YES;
				GCC_WARN_UNUSED_VARIABLE = YES;
				IPHONEOS_DEPLOYMENT_TARGET = 9.3;
				MTL_ENABLE_DEBUG_INFO = YES;
				ONLY_ACTIVE_ARCH = YES;
				SDKROOT = iphoneos;
				SWIFT_OPTIMIZATION_LEVEL = "-Onone";
				TARGETED_DEVICE_FAMILY = "1,2";
				VERSIONING_SYSTEM = "apple-generic";
				VERSION_INFO_PREFIX = "";
			};
			name = Debug;
		};
		11C20E431CE6EF1E008FB451 /* Release */ = {
			isa = XCBuildConfiguration;
			buildSettings = {
				ALWAYS_SEARCH_USER_PATHS = NO;
				CLANG_ANALYZER_NONNULL = YES;
				CLANG_CXX_LANGUAGE_STANDARD = "gnu++0x";
				CLANG_CXX_LIBRARY = "libc++";
				CLANG_ENABLE_MODULES = YES;
				CLANG_ENABLE_OBJC_ARC = YES;
				CLANG_WARN_BOOL_CONVERSION = YES;
				CLANG_WARN_CONSTANT_CONVERSION = YES;
				CLANG_WARN_DIRECT_OBJC_ISA_USAGE = YES_ERROR;
				CLANG_WARN_EMPTY_BODY = YES;
				CLANG_WARN_ENUM_CONVERSION = YES;
				CLANG_WARN_INT_CONVERSION = YES;
				CLANG_WARN_OBJC_ROOT_CLASS = YES_ERROR;
				CLANG_WARN_UNREACHABLE_CODE = YES;
				CLANG_WARN__DUPLICATE_METHOD_MATCH = YES;
				"CODE_SIGN_IDENTITY[sdk=iphoneos*]" = "iPhone Developer";
				COPY_PHASE_STRIP = NO;
				CURRENT_PROJECT_VERSION = 1;
				DEBUG_INFORMATION_FORMAT = "dwarf-with-dsym";
				ENABLE_NS_ASSERTIONS = NO;
				ENABLE_STRICT_OBJC_MSGSEND = YES;
				GCC_C_LANGUAGE_STANDARD = gnu99;
				GCC_NO_COMMON_BLOCKS = YES;
				GCC_WARN_64_TO_32_BIT_CONVERSION = YES;
				GCC_WARN_ABOUT_RETURN_TYPE = YES_ERROR;
				GCC_WARN_UNDECLARED_SELECTOR = YES;
				GCC_WARN_UNINITIALIZED_AUTOS = YES_AGGRESSIVE;
				GCC_WARN_UNUSED_FUNCTION = YES;
				GCC_WARN_UNUSED_VARIABLE = YES;
				IPHONEOS_DEPLOYMENT_TARGET = 9.3;
				MTL_ENABLE_DEBUG_INFO = NO;
				SDKROOT = iphoneos;
				TARGETED_DEVICE_FAMILY = "1,2";
				VALIDATE_PRODUCT = YES;
				VERSIONING_SYSTEM = "apple-generic";
				VERSION_INFO_PREFIX = "";
			};
			name = Release;
		};
		11C20E451CE6EF1E008FB451 /* Debug */ = {
			isa = XCBuildConfiguration;
			baseConfigurationReference = 2F92C9685DE08EA725DC4917 /* Pods-stdstr.debug.xcconfig */;
			buildSettings = {
				CLANG_ENABLE_MODULES = YES;
				DEFINES_MODULE = YES;
				DYLIB_COMPATIBILITY_VERSION = 1;
				DYLIB_CURRENT_VERSION = 1;
				DYLIB_INSTALL_NAME_BASE = "@rpath";
				INFOPLIST_FILE = stdstr/Info.plist;
				INSTALL_PATH = "$(LOCAL_LIBRARY_DIR)/Frameworks";
				LD_RUNPATH_SEARCH_PATHS = "$(inherited) @executable_path/Frameworks @loader_path/Frameworks";
				PRODUCT_BUNDLE_IDENTIFIER = com.ly.stdstr;
				PRODUCT_NAME = "$(TARGET_NAME)";
				SKIP_INSTALL = YES;
				SWIFT_OPTIMIZATION_LEVEL = "-Onone";
			};
			name = Debug;
		};
		11C20E461CE6EF1E008FB451 /* Release */ = {
			isa = XCBuildConfiguration;
			baseConfigurationReference = D8B865B1140E22F1222189BF /* Pods-stdstr.release.xcconfig */;
			buildSettings = {
				CLANG_ENABLE_MODULES = YES;
				DEFINES_MODULE = YES;
				DYLIB_COMPATIBILITY_VERSION = 1;
				DYLIB_CURRENT_VERSION = 1;
				DYLIB_INSTALL_NAME_BASE = "@rpath";
				INFOPLIST_FILE = stdstr/Info.plist;
				INSTALL_PATH = "$(LOCAL_LIBRARY_DIR)/Frameworks";
				LD_RUNPATH_SEARCH_PATHS = "$(inherited) @executable_path/Frameworks @loader_path/Frameworks";
				PRODUCT_BUNDLE_IDENTIFIER = com.ly.stdstr;
				PRODUCT_NAME = "$(TARGET_NAME)";
				SKIP_INSTALL = YES;
			};
			name = Release;
		};
		11C20E481CE6EF1E008FB451 /* Debug */ = {
			isa = XCBuildConfiguration;
			baseConfigurationReference = 364C0663D661AC5660190799 /* Pods-stdstrTests.debug.xcconfig */;
			buildSettings = {
				INFOPLIST_FILE = stdstrTests/Info.plist;
				LD_RUNPATH_SEARCH_PATHS = "$(inherited) @executable_path/Frameworks @loader_path/Frameworks";
				PRODUCT_BUNDLE_IDENTIFIER = com.ly.stdstrTests;
				PRODUCT_NAME = "$(TARGET_NAME)";
			};
			name = Debug;
		};
		11C20E491CE6EF1E008FB451 /* Release */ = {
			isa = XCBuildConfiguration;
			baseConfigurationReference = 364CE3E0EC8B6E7BFA524FE6 /* Pods-stdstrTests.release.xcconfig */;
			buildSettings = {
				INFOPLIST_FILE = stdstrTests/Info.plist;
				LD_RUNPATH_SEARCH_PATHS = "$(inherited) @executable_path/Frameworks @loader_path/Frameworks";
				PRODUCT_BUNDLE_IDENTIFIER = com.ly.stdstrTests;
				PRODUCT_NAME = "$(TARGET_NAME)";
			};
			name = Release;
		};
/* End XCBuildConfiguration section */

/* Begin XCConfigurationList section */
		11C20E2A1CE6EF1E008FB451 /* Build configuration list for PBXProject "stdstr" */ = {
			isa = XCConfigurationList;
			buildConfigurations = (
				11C20E421CE6EF1E008FB451 /* Debug */,
				11C20E431CE6EF1E008FB451 /* Release */,
			);
			defaultConfigurationIsVisible = 0;
			defaultConfigurationName = Release;
		};
		11C20E441CE6EF1E008FB451 /* Build configuration list for PBXNativeTarget "stdstr" */ = {
			isa = XCConfigurationList;
			buildConfigurations = (
				11C20E451CE6EF1E008FB451 /* Debug */,
				11C20E461CE6EF1E008FB451 /* Release */,
			);
			defaultConfigurationIsVisible = 0;
			defaultConfigurationName = Release;
		};
		11C20E471CE6EF1E008FB451 /* Build configuration list for PBXNativeTarget "stdstrTests" */ = {
			isa = XCConfigurationList;
			buildConfigurations = (
				11C20E481CE6EF1E008FB451 /* Debug */,
				11C20E491CE6EF1E008FB451 /* Release */,
			);
			defaultConfigurationIsVisible = 0;
			defaultConfigurationName = Release;
		};
/* End XCConfigurationList section */
	};
	rootObject = 11C20E271CE6EF1E008FB451 /* Project object */;
}
